
Microsoft Visual Studio Solution File, Format Version 12.00
# Visual Studio Version 17
VisualStudioVersion = 17.0.32112.339
MinimumVisualStudioVersion = 10.0.40219.1
Project("{9A19103F-16F7-4668-BE54-9A1E7A4F7556}") = "CodingSeb.Localization", "CodingSeb.Localization\CodingSeb.Localization.csproj", "{8DA47C0D-4FB7-42D6-993D-E3D108AB62AB}"
EndProject
Project("{9A19103F-16F7-4668-BE54-9A1E7A4F7556}") = "CodingSeb.Localization.WPF", "CodingSeb.Localization.WPF\CodingSeb.Localization.WPF.csproj", "{D42EAC6C-46F6-4FEE-89AE-D0463366A2B8}"
EndProject
Project("{9A19103F-16F7-4668-BE54-9A1E7A4F7556}") = "CodingSeb.Localization.WPF.Tests", "CodingSeb.Localization.WPF.Tests\CodingSeb.Localization.WPF.Tests.csproj", "{03705A6E-692A-407D-97B6-DF25C4EC789D}"
EndProject
Project("{9A19103F-16F7-4668-BE54-9A1E7A4F7556}") = "CodingSeb.Localization.Tests", "CodingSeb.Localization.Tests\CodingSeb.Localization.Tests.csproj", "{600D7AD1-B04A-493C-AE2D-2C87D2A1F2E4}"
EndProject
Project("{9A19103F-16F7-4668-BE54-9A1E7A4F7556}") = "CodingSeb.Localization.Examples", "CodingSeb.Localization.Examples\CodingSeb.Localization.Examples.csproj", "{96A2AE9B-8551-40A1-A232-D3AB89AD7FCB}"
EndProject
Project("{9A19103F-16F7-4668-BE54-9A1E7A4F7556}") = "CodingSeb.Localization.YamlFileLoader", "CodingSeb.Localization.YamlFileLoader\CodingSeb.Localization.YamlFileLoader.csproj", "{90162BE2-B255-46C9-B3AE-0B8314A6FCE7}"
EndProject
Project("{9A19103F-16F7-4668-BE54-9A1E7A4F7556}") = "CodingSeb.Localization.YamlFileLoader.Tests", "CodingSeb.Localization.YamlFileLoader.Tests\CodingSeb.Localization.YamlFileLoader.Tests.csproj", "{476929D3-B80D-406E-A324-BE5BFCA54541}"
EndProject
Project("{9A19103F-16F7-4668-BE54-9A1E7A4F7556}") = "CodingSeb.Localization.FodyAddin", "CodingSeb.Localization.FodyAddin\CodingSeb.Localization.FodyAddin.csproj", "{256AF69D-90B0-4A74-B634-EEC2DBDC469A}"
EndProject
Project("{9A19103F-16F7-4668-BE54-9A1E7A4F7556}") = "CodingSeb.Localization.FodyAddin.Fody", "CodingSeb.Localization.FodyAddin.Fody\CodingSeb.Localization.FodyAddin.Fody.csproj", "{BA2FB0C3-D76C-4C5C-B163-8EE4D2497394}"
EndProject
Project("{9A19103F-16F7-4668-BE54-9A1E7A4F7556}") = "CodingSeb.Localization.AssemblyToProcess", "CodingSeb.Localization.AssemblyToProcess\CodingSeb.Localization.AssemblyToProcess.csproj", "{05900915-BD84-495D-B6FB-E0C8F662BE0F}"
EndProject
Project("{9A19103F-16F7-4668-BE54-9A1E7A4F7556}") = "CodingSeb.Localization.FodyAddin.Tests", "CodingSeb.Localization.FodyAddin.Tests\CodingSeb.Localization.FodyAddin.Tests.csproj", "{20437578-F0F8-4106-87D1-34CD65E69195}"
EndProject
Project("{2150E333-8FDC-42A3-9474-1A3956D46DE8}") = "Fody", "Fody", "{35CF686F-1902-4EEC-B0EC-1D36722853EC}"
EndProject
Project("{9A19103F-16F7-4668-BE54-9A1E7A4F7556}") = "SmokeTest", "SmokeTest\SmokeTest.csproj", "{F7364099-B013-4B56-9ACA-202047E915F7}"
EndProject
Project("{9A19103F-16F7-4668-BE54-9A1E7A4F7556}") = "CodingSeb.Localization.JsonFileLoader", "CodingSeb.Localization.JsonFileLoader\CodingSeb.Localization.JsonFileLoader.csproj", "{0B9BD203-2F27-4E2D-B880-C059AA3ADC22}"
EndProject
Project("{FAE04EC0-301F-11D3-BF4B-00C04F79EFBC}") = "CodingSeb.Localization.AvaloniaExample", "CodingSeb.Localization.AvaloniaExample\CodingSeb.Localization.AvaloniaExample.csproj", "{5315B6BC-695E-406F-BB31-32AEFDA2A727}"
EndProject
Project("{FAE04EC0-301F-11D3-BF4B-00C04F79EFBC}") = "CodingSeb.Localization.Avalonia", "CodingSeb.Localization.Avalonia\CodingSeb.Localization.Avalonia.csproj", "{38ED3D6A-C804-4C10-9FAA-E378854D4A73}"
EndProject
Global
	GlobalSection(SolutionConfigurationPlatforms) = preSolution
		Debug|Any CPU = Debug|Any CPU
		Release|Any CPU = Release|Any CPU
	EndGlobalSection
	GlobalSection(ProjectConfigurationPlatforms) = postSolution
		{8DA47C0D-4FB7-42D6-993D-E3D108AB62AB}.Debug|Any CPU.ActiveCfg = Debug|Any CPU
		{8DA47C0D-4FB7-42D6-993D-E3D108AB62AB}.Debug|Any CPU.Build.0 = Debug|Any CPU
		{8DA47C0D-4FB7-42D6-993D-E3D108AB62AB}.Release|Any CPU.ActiveCfg = Release|Any CPU
		{8DA47C0D-4FB7-42D6-993D-E3D108AB62AB}.Release|Any CPU.Build.0 = Release|Any CPU
		{D42EAC6C-46F6-4FEE-89AE-D0463366A2B8}.Debug|Any CPU.ActiveCfg = Debug|Any CPU
		{D42EAC6C-46F6-4FEE-89AE-D0463366A2B8}.Debug|Any CPU.Build.0 = Debug|Any CPU
		{D42EAC6C-46F6-4FEE-89AE-D0463366A2B8}.Release|Any CPU.ActiveCfg = Release|Any CPU
		{D42EAC6C-46F6-4FEE-89AE-D0463366A2B8}.Release|Any CPU.Build.0 = Release|Any CPU
		{03705A6E-692A-407D-97B6-DF25C4EC789D}.Debug|Any CPU.ActiveCfg = Debug|Any CPU
		{03705A6E-692A-407D-97B6-DF25C4EC789D}.Debug|Any CPU.Build.0 = Debug|Any CPU
		{03705A6E-692A-407D-97B6-DF25C4EC789D}.Release|Any CPU.ActiveCfg = Release|Any CPU
		{03705A6E-692A-407D-97B6-DF25C4EC789D}.Release|Any CPU.Build.0 = Release|Any CPU
		{600D7AD1-B04A-493C-AE2D-2C87D2A1F2E4}.Debug|Any CPU.ActiveCfg = Debug|Any CPU
		{600D7AD1-B04A-493C-AE2D-2C87D2A1F2E4}.Debug|Any CPU.Build.0 = Debug|Any CPU
		{600D7AD1-B04A-493C-AE2D-2C87D2A1F2E4}.Release|Any CPU.ActiveCfg = Release|Any CPU
		{600D7AD1-B04A-493C-AE2D-2C87D2A1F2E4}.Release|Any CPU.Build.0 = Release|Any CPU
		{96A2AE9B-8551-40A1-A232-D3AB89AD7FCB}.Debug|Any CPU.ActiveCfg = Debug|Any CPU
		{96A2AE9B-8551-40A1-A232-D3AB89AD7FCB}.Debug|Any CPU.Build.0 = Debug|Any CPU
		{96A2AE9B-8551-40A1-A232-D3AB89AD7FCB}.Release|Any CPU.ActiveCfg = Release|Any CPU
		{96A2AE9B-8551-40A1-A232-D3AB89AD7FCB}.Release|Any CPU.Build.0 = Release|Any CPU
		{90162BE2-B255-46C9-B3AE-0B8314A6FCE7}.Debug|Any CPU.ActiveCfg = Debug|Any CPU
		{90162BE2-B255-46C9-B3AE-0B8314A6FCE7}.Debug|Any CPU.Build.0 = Debug|Any CPU
		{90162BE2-B255-46C9-B3AE-0B8314A6FCE7}.Release|Any CPU.ActiveCfg = Release|Any CPU
		{90162BE2-B255-46C9-B3AE-0B8314A6FCE7}.Release|Any CPU.Build.0 = Release|Any CPU
		{476929D3-B80D-406E-A324-BE5BFCA54541}.Debug|Any CPU.ActiveCfg = Debug|Any CPU
		{476929D3-B80D-406E-A324-BE5BFCA54541}.Debug|Any CPU.Build.0 = Debug|Any CPU
		{476929D3-B80D-406E-A324-BE5BFCA54541}.Release|Any CPU.ActiveCfg = Release|Any CPU
		{476929D3-B80D-406E-A324-BE5BFCA54541}.Release|Any CPU.Build.0 = Release|Any CPU
		{256AF69D-90B0-4A74-B634-EEC2DBDC469A}.Debug|Any CPU.ActiveCfg = Debug|Any CPU
		{256AF69D-90B0-4A74-B634-EEC2DBDC469A}.Debug|Any CPU.Build.0 = Debug|Any CPU
		{256AF69D-90B0-4A74-B634-EEC2DBDC469A}.Release|Any CPU.ActiveCfg = Release|Any CPU
		{256AF69D-90B0-4A74-B634-EEC2DBDC469A}.Release|Any CPU.Build.0 = Release|Any CPU
		{BA2FB0C3-D76C-4C5C-B163-8EE4D2497394}.Debug|Any CPU.ActiveCfg = Debug|Any CPU
		{BA2FB0C3-D76C-4C5C-B163-8EE4D2497394}.Debug|Any CPU.Build.0 = Debug|Any CPU
		{BA2FB0C3-D76C-4C5C-B163-8EE4D2497394}.Release|Any CPU.ActiveCfg = Release|Any CPU
		{BA2FB0C3-D76C-4C5C-B163-8EE4D2497394}.Release|Any CPU.Build.0 = Release|Any CPU
		{05900915-BD84-495D-B6FB-E0C8F662BE0F}.Debug|Any CPU.ActiveCfg = Debug|Any CPU
		{05900915-BD84-495D-B6FB-E0C8F662BE0F}.Debug|Any CPU.Build.0 = Debug|Any CPU
		{05900915-BD84-495D-B6FB-E0C8F662BE0F}.Release|Any CPU.ActiveCfg = Release|Any CPU
		{05900915-BD84-495D-B6FB-E0C8F662BE0F}.Release|Any CPU.Build.0 = Release|Any CPU
		{20437578-F0F8-4106-87D1-34CD65E69195}.Debug|Any CPU.ActiveCfg = Debug|Any CPU
		{20437578-F0F8-4106-87D1-34CD65E69195}.Debug|Any CPU.Build.0 = Debug|Any CPU
		{20437578-F0F8-4106-87D1-34CD65E69195}.Release|Any CPU.ActiveCfg = Release|Any CPU
		{20437578-F0F8-4106-87D1-34CD65E69195}.Release|Any CPU.Build.0 = Release|Any CPU
		{F7364099-B013-4B56-9ACA-202047E915F7}.Debug|Any CPU.ActiveCfg = Debug|Any CPU
		{F7364099-B013-4B56-9ACA-202047E915F7}.Debug|Any CPU.Build.0 = Debug|Any CPU
		{F7364099-B013-4B56-9ACA-202047E915F7}.Release|Any CPU.ActiveCfg = Release|Any CPU
		{F7364099-B013-4B56-9ACA-202047E915F7}.Release|Any CPU.Build.0 = Release|Any CPU
		{0B9BD203-2F27-4E2D-B880-C059AA3ADC22}.Debug|Any CPU.ActiveCfg = Debug|Any CPU
		{0B9BD203-2F27-4E2D-B880-C059AA3ADC22}.Debug|Any CPU.Build.0 = Debug|Any CPU
		{0B9BD203-2F27-4E2D-B880-C059AA3ADC22}.Release|Any CPU.ActiveCfg = Release|Any CPU
		{0B9BD203-2F27-4E2D-B880-C059AA3ADC22}.Release|Any CPU.Build.0 = Release|Any CPU
		{5315B6BC-695E-406F-BB31-32AEFDA2A727}.Debug|Any CPU.ActiveCfg = Debug|Any CPU
		{5315B6BC-695E-406F-BB31-32AEFDA2A727}.Debug|Any CPU.Build.0 = Debug|Any CPU
		{5315B6BC-695E-406F-BB31-32AEFDA2A727}.Release|Any CPU.ActiveCfg = Release|Any CPU
		{5315B6BC-695E-406F-BB31-32AEFDA2A727}.Release|Any CPU.Build.0 = Release|Any CPU
		{38ED3D6A-C804-4C10-9FAA-E378854D4A73}.Debug|Any CPU.ActiveCfg = Debug|Any CPU
		{38ED3D6A-C804-4C10-9FAA-E378854D4A73}.Debug|Any CPU.Build.0 = Debug|Any CPU
		{38ED3D6A-C804-4C10-9FAA-E378854D4A73}.Release|Any CPU.ActiveCfg = Release|Any CPU
		{38ED3D6A-C804-4C10-9FAA-E378854D4A73}.Release|Any CPU.Build.0 = Release|Any CPU
	EndGlobalSection
	GlobalSection(SolutionProperties) = preSolution
		HideSolutionNode = FALSE
	EndGlobalSection
	GlobalSection(NestedProjects) = preSolution
		{256AF69D-90B0-4A74-B634-EEC2DBDC469A} = {35CF686F-1902-4EEC-B0EC-1D36722853EC}
		{BA2FB0C3-D76C-4C5C-B163-8EE4D2497394} = {35CF686F-1902-4EEC-B0EC-1D36722853EC}
		{05900915-BD84-495D-B6FB-E0C8F662BE0F} = {35CF686F-1902-4EEC-B0EC-1D36722853EC}
		{20437578-F0F8-4106-87D1-34CD65E69195} = {35CF686F-1902-4EEC-B0EC-1D36722853EC}
		{F7364099-B013-4B56-9ACA-202047E915F7} = {35CF686F-1902-4EEC-B0EC-1D36722853EC}
	EndGlobalSection
	GlobalSection(ExtensibilityGlobals) = postSolution
		SolutionGuid = {6BDA039E-6F38-4344-91FA-B5778B363C40}
	EndGlobalSection
EndGlobal
